{
  "nodes": {
    "flake-compat": {
      "flake": false,
      "locked": {
        "lastModified": 1668681692,
        "narHash": "sha256-Ht91NGdewz8IQLtWZ9LCeNXMSXHUss+9COoqu6JLmXU=",
        "owner": "edolstra",
        "repo": "flake-compat",
        "rev": "009399224d5e398d03b22badca40a37ac85412a1",
        "type": "github"
      },
      "original": {
        "owner": "edolstra",
        "repo": "flake-compat",
        "type": "github"
      }
    },
    "flake-utils": {
      "locked": {
        "lastModified": 1667395993,
        "narHash": "sha256-nuEHfE/LcWyuSWnS8t12N1wc105Qtau+/OdUAjtQ0rA=",
        "owner": "numtide",
        "repo": "flake-utils",
        "rev": "5aed5285a952e0b949eb3ba02c12fa4fcfef535f",
        "type": "github"
      },
      "original": {
        "owner": "numtide",
        "repo": "flake-utils",
        "type": "github"
      }
    },
    "gitignore": {
      "inputs": {
        "nixpkgs": [
          "pre-commit-hooks",
          "nixpkgs"
        ]
      },
      "locked": {
        "lastModified": 1660459072,
        "narHash": "sha256-8DFJjXG8zqoONA1vXtgeKXy68KdJL5UaXR8NtVMUbx8=",
        "owner": "hercules-ci",
        "repo": "gitignore.nix",
        "rev": "a20de23b925fd8264fd7fad6454652e142fd7f73",
        "type": "github"
      },
      "original": {
        "owner": "hercules-ci",
        "repo": "gitignore.nix",
        "type": "github"
      }
    },
    "humilityflake": {
      "inputs": {
        "flake-utils": [
          "flake-utils"
        ],
        "nixpkgs": [
          "nixpkgs"
        ],
        "pre-commit-hooks": "pre-commit-hooks",
        "rust-overlay": [
          "rust-overlay"
        ]
      },
      "locked": {
        "lastModified": 1670055227,
        "narHash": "sha256-q0GFXsJHqhvI6QN6NE13MnSKm1T5MKopv9lnZ95fb3g=",
        "owner": "rivosinc",
        "repo": "humility",
        "rev": "4002c35cb18290bf7c16e8b51c057756844c9d92",
        "type": "github"
      },
      "original": {
        "owner": "rivosinc",
        "repo": "humility",
        "type": "github"
      }
    },
    "nixpkgs": {
      "locked": {
        "lastModified": 1671548329,
        "narHash": "sha256-OrC6R6zihRjFqdKFF3/vD3bkz44poONSII8ncre1Wh0=",
        "owner": "NixOS",
        "repo": "nixpkgs",
        "rev": "ba6ba2b90096dc49f448aa4d4d783b5081b1cc87",
        "type": "github"
      },
      "original": {
        "owner": "NixOS",
        "ref": "nixpkgs-unstable",
        "repo": "nixpkgs",
        "type": "github"
      }
    },
    "nixpkgs-stable": {
      "locked": {
        "lastModified": 1671271954,
        "narHash": "sha256-cSvu+bnvN08sOlTBWbBrKaBHQZq8mvk8bgpt0ZJ2Snc=",
        "owner": "NixOS",
        "repo": "nixpkgs",
        "rev": "d513b448cc2a6da2c8803e3c197c9fc7e67b19e3",
        "type": "github"
      },
      "original": {
        "owner": "NixOS",
        "ref": "nixos-22.05",
        "repo": "nixpkgs",
        "type": "github"
      }
    },
    "pre-commit-hooks": {
      "inputs": {
        "flake-utils": [
          "humilityflake",
          "flake-utils"
        ],
        "nixpkgs": [
          "humilityflake",
          "nixpkgs"
        ]
      },
      "locked": {
        "lastModified": 1667760143,
        "narHash": "sha256-+X5CyeNEKp41bY/I1AJgW/fn69q5cLJ1bgiaMMCKB3M=",
        "owner": "cachix",
        "repo": "pre-commit-hooks.nix",
        "rev": "06f48d63d473516ce5b8abe70d15be96a0147fcd",
        "type": "github"
      },
      "original": {
        "owner": "cachix",
        "repo": "pre-commit-hooks.nix",
        "type": "github"
      }
    },
    "pre-commit-hooks_2": {
      "inputs": {
        "flake-compat": "flake-compat",
        "flake-utils": [
          "flake-utils"
        ],
        "gitignore": "gitignore",
        "nixpkgs": [
          "nixpkgs"
        ],
        "nixpkgs-stable": "nixpkgs-stable"
      },
      "locked": {
        "lastModified": 1671452357,
        "narHash": "sha256-HqzXiQEegpRQ4VEl9pEPgHSIxhJrNJ27HfN1wOc7w2E=",
        "owner": "cachix",
        "repo": "pre-commit-hooks.nix",
        "rev": "200790e9c77064c53eaf95805b013d96615ecc27",
        "type": "github"
      },
      "original": {
        "owner": "cachix",
        "repo": "pre-commit-hooks.nix",
        "type": "github"
      }
    },
    "qemuflake": {
      "inputs": {
        "nixpkgs": [
          "nixpkgs"
        ]
      },
      "locked": {
        "lastModified": 1668634473,
        "narHash": "sha256-PklCMPkKN5AVy5Rv/2aid+L3Rh2qVi5zJNvKiEnNuDo=",
        "ref": "dev/drew/nix",
        "rev": "89f887f6bb1090c522934635ddab2a2018193411",
        "revCount": 99669,
        "submodules": true,
        "type": "git",
        "url": "https://github.com/rivosinc/qemu"
      },
      "original": {
        "ref": "dev/drew/nix",
        "submodules": true,
        "type": "git",
        "url": "https://github.com/rivosinc/qemu"
      }
    },
    "root": {
      "inputs": {
        "flake-utils": "flake-utils",
        "humilityflake": "humilityflake",
        "nixpkgs": "nixpkgs",
        "pre-commit-hooks": "pre-commit-hooks_2",
        "qemuflake": "qemuflake",
        "rust-overlay": "rust-overlay"
      }
    },
    "rust-overlay": {
      "inputs": {
        "flake-utils": [
          "flake-utils"
        ],
        "nixpkgs": [
          "nixpkgs"
        ]
      },
      "locked": {
        "lastModified": 1671675758,
        "narHash": "sha256-wCrqs6waxH/cuaWiNdudjOBmzM1f4z4vtRgH8Zn0XbA=",
        "owner": "oxalica",
        "repo": "rust-overlay",
        "rev": "225c0b73534b7ead914c89fcb86c8de3df66eb15",
        "type": "github"
      },
      "original": {
        "owner": "oxalica",
        "repo": "rust-overlay",
        "type": "github"
      }
    }
  },
  "root": "root",
  "version": 7
}
